# THIS IS AN AUTOGENERATED FILE. DO NOT EDIT THIS FILE DIRECTLY.
# yarn lockfile v1


"@prisma/cli@^2.0.0-beta.5":
  version "2.0.0-beta.5"
  resolved "https://registry.yarnpkg.com/@prisma/cli/-/cli-2.0.0-beta.5.tgz#9116e9ba08131fce47bb96d9bc19e8a443a2b893"
  integrity sha512-Kl3IqOq6sYdajnLA034SLJxFCB0IxXcrSLYR8W9XTOyt3RRP/TCUPp5yBVfO9B21Kwe9YrFujTbSD2qQaDg1QA==

"@prisma/client@^2.0.0-beta.5":
  version "2.0.0-beta.5"
  resolved "https://registry.yarnpkg.com/@prisma/client/-/client-2.0.0-beta.5.tgz#e2192831e868c4c65257b7dd2c679234f1fcdf4a"
  integrity sha512-Ov7rOV5h+nu+zSFG61OvOTsDjQX+QSa8AI0sYbNSsfL9MvEMtb7mMCiGsQRdHGvxbqErFuqlN83+eUCR/umb1Q==

faker@^4.1.0:
  version "4.1.0"
  resolved "https://registry.yarnpkg.com/faker/-/faker-4.1.0.tgz#1e45bbbecc6774b3c195fad2835109c6d748cc3f"
  integrity sha1-HkW7vsxndLPBlfrSg1EJxtdIzD8=
